
Microsoft Visual Studio Solution File, Format Version 12.00
# Visual Studio 15
VisualStudioVersion = 15.0.28307.168
MinimumVisualStudioVersion = 10.0.40219.1
Project("{FAE04EC0-301F-11D3-BF4B-00C04F79EFBC}") = "EDennis.Samples.AddUpdateJsonField.Lib", "EDennis.Samples.AddUpdateJsonField.Lib\EDennis.Samples.AddUpdateJsonField.Lib.csproj", "{E1CA999E-1CF7-4405-A01F-5E9BB925298F}"
EndProject
Global
	GlobalSection(SolutionConfigurationPlatforms) = preSolution
		Debug|Any CPU = Debug|Any CPU
		Release|Any CPU = Release|Any CPU
	EndGlobalSection
	GlobalSection(ProjectConfigurationPlatforms) = postSolution
		{E1CA999E-1CF7-4405-A01F-5E9BB925298F}.Debug|Any CPU.ActiveCfg = Debug|Any CPU
		{E1CA999E-1CF7-4405-A01F-5E9BB925298F}.Debug|Any CPU.Build.0 = Debug|Any CPU
		{E1CA999E-1CF7-4405-A01F-5E9BB925298F}.Release|Any CPU.ActiveCfg = Release|Any CPU
		{E1CA999E-1CF7-4405-A01F-5E9BB925298F}.Release|Any CPU.Build.0 = Release|Any CPU
	EndGlobalSection
	GlobalSection(SolutionProperties) = preSolution
		HideSolutionNode = FALSE
	EndGlobalSection
	GlobalSection(ExtensibilityGlobals) = postSolution
		SolutionGuid = {2EF53AB5-6CDB-4C39-B46A-0B57E59D17B2}
	EndGlobalSection
EndGlobal
